{
  "requires": true,
  "lockfileVersion": 1,
  "dependencies": {
    "geth": {
      "version": "0.4.0",
      "resolved": "https://registry.npmjs.org/geth/-/geth-0.4.0.tgz",
      "integrity": "sha1-m15CI4nOjiHgIBN2NBQkVQbtEeg="
    },
    "openzeppelin-solidity": {
      "version": "2.0.0",
      "resolved": "https://registry.npmjs.org/openzeppelin-solidity/-/openzeppelin-solidity-2.0.0.tgz",
      "integrity": "sha1-tF3dva4JD4lXdZjBp+dRjfYbe6I="
    }
  }
}
